{
  "name": "crypto-faucet2",
  "version": "0.0.1",
  "lockfileVersion": 1,
  "requires": true,
  "dependencies": {
    "@fortawesome/fontawesome-common-types": {
      "version": "0.2.0-6",
      "resolved": "https://npm.fontawesome.com/F9F3D62A-701D-4FDA-877D-75AD5C8B1D1D/@fortawesome/fontawesome-common-types/-/fontawesome-common-types-0.2.0-6.tgz",
      "integrity": "sha512-Dm4HUtLEI5Wip6F17fxtsgYBRk3axsQRHbIIvvpMpuRPnE1ij/PXlRDC+tnqDpRLt27/yXcgUeWVC3mpAzmU8A=="
    },
    "@fortawesome/free-brands-svg-icons": {
      "version": "5.1.0-8",
      "resolved": "https://npm.fontawesome.com/F9F3D62A-701D-4FDA-877D-75AD5C8B1D1D/@fortawesome/free-brands-svg-icons/-/free-brands-svg-icons-5.1.0-8.tgz",
      "integrity": "sha512-ACc40qnEOG8Ffqzi+NhRGm0mTm8aO93XroBanzJuQp1Gv+iCgmQCPnzm8GyYaJhFETuPHPAkrpHLww7TpRiatg==",
      "requires": {
        "@fortawesome/fontawesome-common-types": "0.2.0-6"
      }
    },
    "@fortawesome/pro-light-svg-icons": {
      "version": "5.1.0-8",
      "resolved": "https://npm.fontawesome.com/F9F3D62A-701D-4FDA-877D-75AD5C8B1D1D/@fortawesome/pro-light-svg-icons/-/pro-light-svg-icons-5.1.0-8.tgz",
      "integrity": "sha512-z8DzeJIlwpKmDJv9L8M0WqgzOpLm7E0QEWHKcRw2pnuTlxvRM46QGMKVQukp3XXFoxPUX6gpxIamAuvceQaOlg==",
      "dev": true,
      "requires": {
        "@fortawesome/fontawesome-common-types": "0.2.0-6"
      }
    },
    "@fortawesome/pro-regular-svg-icons": {
      "version": "5.1.0-8",
      "resolved": "https://npm.fontawesome.com/F9F3D62A-701D-4FDA-877D-75AD5C8B1D1D/@fortawesome/pro-regular-svg-icons/-/pro-regular-svg-icons-5.1.0-8.tgz",
      "integrity": "sha512-n1Kf1w75jihZ37IhqLa1W2wXsRqXlEelnit0A28V6CX3zZGcr26At6Jj9XMZ9O9hnv/acRuhR0u4+LEzJlnq4Q==",
      "dev": true,
      "requires": {
        "@fortawesome/fontawesome-common-types": "0.2.0-6"
      }
    },
    "@fortawesome/pro-solid-svg-icons": {
      "version": "5.1.0-8",
      "resolved": "https://npm.fontawesome.com/F9F3D62A-701D-4FDA-877D-75AD5C8B1D1D/@fortawesome/pro-solid-svg-icons/-/pro-solid-svg-icons-5.1.0-8.tgz",
      "integrity": "sha512-Lxn+5Yu9a72Mg2H+NR1C86fVZdOuhU8VskLDKy+5RY1W8LVw2KVDtO6+wQDkBG26EKVPrD+SOiEXr0KtNALfwg==",
      "dev": true,
      "requires": {
        "@fortawesome/fontawesome-common-types": "0.2.0-6"
      }
    }
  }
}
